# This file is automatically @generated by Cargo.
# It is not intended for manual editing.
[[package]]
name = "cast"
version = "0.1.0"

[[package]]
name = "display"
version = "0.1.0"

[[package]]
name = "enumerate"
version = "0.1.0"

[[package]]
name = "list"
version = "0.1.0"

[[package]]
name = "slice"
version = "0.1.0"

[[package]]
name = "structure"
version = "0.1.0"

